// !$*UTF8*$!
{
	archiveVersion = 1;
	classes = {
	};
	objectVersion = 56;
	objects = {

/* Begin PBXBuildFile section */
		0A08113F2C130A4200F6EEFF /* UILabel+Extension.swift in Sources */ = {isa = PBXBuildFile; fileRef = 0A08113E2C130A4200F6EEFF /* UILabel+Extension.swift */; };
		0A28A5182C175A6A00E62668 /* AddDiaryViewController.swift in Sources */ = {isa = PBXBuildFile; fileRef = 0A28A5172C175A6A00E62668 /* AddDiaryViewController.swift */; };
		0A37583B2C10BB9E002808A0 /* AppDelegate.swift in Sources */ = {isa = PBXBuildFile; fileRef = 0A37583A2C10BB9E002808A0 /* AppDelegate.swift */; };
		0A37583D2C10BB9E002808A0 /* SceneDelegate.swift in Sources */ = {isa = PBXBuildFile; fileRef = 0A37583C2C10BB9E002808A0 /* SceneDelegate.swift */; };
		0A3758422C10BB9E002808A0 /* Base in Resources */ = {isa = PBXBuildFile; fileRef = 0A3758412C10BB9E002808A0 /* Base */; };
		0A3758442C10BB9F002808A0 /* Assets.xcassets in Resources */ = {isa = PBXBuildFile; fileRef = 0A3758432C10BB9F002808A0 /* Assets.xcassets */; };
		0A3758472C10BB9F002808A0 /* Base in Resources */ = {isa = PBXBuildFile; fileRef = 0A3758462C10BB9F002808A0 /* Base */; };
		0A3758522C10BB9F002808A0 /* TripNoteTests.swift in Sources */ = {isa = PBXBuildFile; fileRef = 0A3758512C10BB9F002808A0 /* TripNoteTests.swift */; };
		0A37585C2C10BB9F002808A0 /* TripNoteUITests.swift in Sources */ = {isa = PBXBuildFile; fileRef = 0A37585B2C10BB9F002808A0 /* TripNoteUITests.swift */; };
		0A37585E2C10BB9F002808A0 /* TripNoteUITestsLaunchTests.swift in Sources */ = {isa = PBXBuildFile; fileRef = 0A37585D2C10BB9F002808A0 /* TripNoteUITestsLaunchTests.swift */; };
		0A3758792C10CD0A002808A0 /* MainViewController.swift in Sources */ = {isa = PBXBuildFile; fileRef = 0A3758782C10CD0A002808A0 /* MainViewController.swift */; };
		0A3758812C10CF41002808A0 /* TripCollectionViewCell.xib in Resources */ = {isa = PBXBuildFile; fileRef = 0A3758802C10CF41002808A0 /* TripCollectionViewCell.xib */; };
		0A3758822C10CF41002808A0 /* TripCollectionViewCell.swift in Sources */ = {isa = PBXBuildFile; fileRef = 0A37587F2C10CF41002808A0 /* TripCollectionViewCell.swift */; };
		0A4E574B2C15AE7900D24D7E /* TripNoteViewController.swift in Sources */ = {isa = PBXBuildFile; fileRef = 0A4E574A2C15AE7900D24D7E /* TripNoteViewController.swift */; };
		0A4E57522C15B70200D24D7E /* TripItemTableViewCell.swift in Sources */ = {isa = PBXBuildFile; fileRef = 0A4E57502C15B70200D24D7E /* TripItemTableViewCell.swift */; };
		0A4E57532C15B70200D24D7E /* TripItemTableViewCell.xib in Resources */ = {isa = PBXBuildFile; fileRef = 0A4E57512C15B70200D24D7E /* TripItemTableViewCell.xib */; };
		0A4E57552C15CF6A00D24D7E /* TripHeaderView.swift in Sources */ = {isa = PBXBuildFile; fileRef = 0A4E57542C15CF6A00D24D7E /* TripHeaderView.swift */; };
		0A4E57642C15E65400D24D7E /* DiaryViewController.swift in Sources */ = {isa = PBXBuildFile; fileRef = 0A4E57632C15E65400D24D7E /* DiaryViewController.swift */; };
		0A4E576B2C15EA9F00D24D7E /* DiaryTableViewCell.swift in Sources */ = {isa = PBXBuildFile; fileRef = 0A4E57692C15EA9F00D24D7E /* DiaryTableViewCell.swift */; };
		0A4E576C2C15EA9F00D24D7E /* DiaryTableViewCell.xib in Resources */ = {isa = PBXBuildFile; fileRef = 0A4E576A2C15EA9F00D24D7E /* DiaryTableViewCell.xib */; };
		0A4E576F2C15F1C200D24D7E /* MyPageViewController.swift in Sources */ = {isa = PBXBuildFile; fileRef = 0A4E576E2C15F1C200D24D7E /* MyPageViewController.swift */; };
		0A5E45FA2C18B70000EF8767 /* NotEnteredTripItemTableViewCell.xib in Resources */ = {isa = PBXBuildFile; fileRef = 0A5E45F92C18B70000EF8767 /* NotEnteredTripItemTableViewCell.xib */; };
		0A5E45FB2C18B70000EF8767 /* NotEnteredTripItemTableViewCell.swift in Sources */ = {isa = PBXBuildFile; fileRef = 0A5E45F82C18B70000EF8767 /* NotEnteredTripItemTableViewCell.swift */; };
		0A5E45FD2C18BBF600EF8767 /* BottomSheetViewController.swift in Sources */ = {isa = PBXBuildFile; fileRef = 0A5E45FC2C18BBF600EF8767 /* BottomSheetViewController.swift */; };
		0A5E45FF2C18BD1800EF8767 /* DimmedViewController.swift in Sources */ = {isa = PBXBuildFile; fileRef = 0A5E45FE2C18BD1800EF8767 /* DimmedViewController.swift */; };
		0A65C72E2C14BCE500FFB48E /* Then in Frameworks */ = {isa = PBXBuildFile; productRef = 0A65C72D2C14BCE500FFB48E /* Then */; };
		0A65C7312C14BCF300FFB48E /* SnapKit in Frameworks */ = {isa = PBXBuildFile; productRef = 0A65C7302C14BCF300FFB48E /* SnapKit */; };
		0A8897602C1465A80057EA0F /* SetTripTitleViewController.swift in Sources */ = {isa = PBXBuildFile; fileRef = 0A88975F2C1465A80057EA0F /* SetTripTitleViewController.swift */; };
		0A8897622C1465B30057EA0F /* SetTripDateViewController.swift in Sources */ = {isa = PBXBuildFile; fileRef = 0A8897612C1465B30057EA0F /* SetTripDateViewController.swift */; };
		0A8897642C1465CB0057EA0F /* SetTripAreaViewController.swift in Sources */ = {isa = PBXBuildFile; fileRef = 0A8897632C1465CB0057EA0F /* SetTripAreaViewController.swift */; };
/* End PBXBuildFile section */

/* Begin PBXContainerItemProxy section */
		0A37584E2C10BB9F002808A0 /* PBXContainerItemProxy */ = {
			isa = PBXContainerItemProxy;
			containerPortal = 0A37582F2C10BB9E002808A0 /* Project object */;
			proxyType = 1;
			remoteGlobalIDString = 0A3758362C10BB9E002808A0;
			remoteInfo = TripNote;
		};
		0A3758582C10BB9F002808A0 /* PBXContainerItemProxy */ = {
			isa = PBXContainerItemProxy;
			containerPortal = 0A37582F2C10BB9E002808A0 /* Project object */;
			proxyType = 1;
			remoteGlobalIDString = 0A3758362C10BB9E002808A0;
			remoteInfo = TripNote;
		};
/* End PBXContainerItemProxy section */

/* Begin PBXFileReference section */
		0A08113E2C130A4200F6EEFF /* UILabel+Extension.swift */ = {isa = PBXFileReference; lastKnownFileType = sourcecode.swift; path = "UILabel+Extension.swift"; sourceTree = "<group>"; };
		0A28A5172C175A6A00E62668 /* AddDiaryViewController.swift */ = {isa = PBXFileReference; lastKnownFileType = sourcecode.swift; path = AddDiaryViewController.swift; sourceTree = "<group>"; };
		0A3758372C10BB9E002808A0 /* TripNote.app */ = {isa = PBXFileReference; explicitFileType = wrapper.application; includeInIndex = 0; path = TripNote.app; sourceTree = BUILT_PRODUCTS_DIR; };
		0A37583A2C10BB9E002808A0 /* AppDelegate.swift */ = {isa = PBXFileReference; lastKnownFileType = sourcecode.swift; path = AppDelegate.swift; sourceTree = "<group>"; };
		0A37583C2C10BB9E002808A0 /* SceneDelegate.swift */ = {isa = PBXFileReference; lastKnownFileType = sourcecode.swift; path = SceneDelegate.swift; sourceTree = "<group>"; };
		0A3758412C10BB9E002808A0 /* Base */ = {isa = PBXFileReference; lastKnownFileType = file.storyboard; name = Base; path = Base.lproj/Main.storyboard; sourceTree = "<group>"; };
		0A3758432C10BB9F002808A0 /* Assets.xcassets */ = {isa = PBXFileReference; lastKnownFileType = folder.assetcatalog; path = Assets.xcassets; sourceTree = "<group>"; };
		0A3758462C10BB9F002808A0 /* Base */ = {isa = PBXFileReference; lastKnownFileType = file.storyboard; name = Base; path = Base.lproj/LaunchScreen.storyboard; sourceTree = "<group>"; };
		0A3758482C10BB9F002808A0 /* Info.plist */ = {isa = PBXFileReference; lastKnownFileType = text.plist.xml; path = Info.plist; sourceTree = "<group>"; };
		0A37584D2C10BB9F002808A0 /* TripNoteTests.xctest */ = {isa = PBXFileReference; explicitFileType = wrapper.cfbundle; includeInIndex = 0; path = TripNoteTests.xctest; sourceTree = BUILT_PRODUCTS_DIR; };
		0A3758512C10BB9F002808A0 /* TripNoteTests.swift */ = {isa = PBXFileReference; lastKnownFileType = sourcecode.swift; path = TripNoteTests.swift; sourceTree = "<group>"; };
		0A3758572C10BB9F002808A0 /* TripNoteUITests.xctest */ = {isa = PBXFileReference; explicitFileType = wrapper.cfbundle; includeInIndex = 0; path = TripNoteUITests.xctest; sourceTree = BUILT_PRODUCTS_DIR; };
		0A37585B2C10BB9F002808A0 /* TripNoteUITests.swift */ = {isa = PBXFileReference; lastKnownFileType = sourcecode.swift; path = TripNoteUITests.swift; sourceTree = "<group>"; };
		0A37585D2C10BB9F002808A0 /* TripNoteUITestsLaunchTests.swift */ = {isa = PBXFileReference; lastKnownFileType = sourcecode.swift; path = TripNoteUITestsLaunchTests.swift; sourceTree = "<group>"; };
		0A3758782C10CD0A002808A0 /* MainViewController.swift */ = {isa = PBXFileReference; lastKnownFileType = sourcecode.swift; path = MainViewController.swift; sourceTree = "<group>"; };
		0A37587F2C10CF41002808A0 /* TripCollectionViewCell.swift */ = {isa = PBXFileReference; lastKnownFileType = sourcecode.swift; path = TripCollectionViewCell.swift; sourceTree = "<group>"; };
		0A3758802C10CF41002808A0 /* TripCollectionViewCell.xib */ = {isa = PBXFileReference; lastKnownFileType = file.xib; path = TripCollectionViewCell.xib; sourceTree = "<group>"; };
		0A4E574A2C15AE7900D24D7E /* TripNoteViewController.swift */ = {isa = PBXFileReference; lastKnownFileType = sourcecode.swift; path = TripNoteViewController.swift; sourceTree = "<group>"; };
		0A4E57502C15B70200D24D7E /* TripItemTableViewCell.swift */ = {isa = PBXFileReference; lastKnownFileType = sourcecode.swift; path = TripItemTableViewCell.swift; sourceTree = "<group>"; };
		0A4E57512C15B70200D24D7E /* TripItemTableViewCell.xib */ = {isa = PBXFileReference; lastKnownFileType = file.xib; path = TripItemTableViewCell.xib; sourceTree = "<group>"; };
		0A4E57542C15CF6A00D24D7E /* TripHeaderView.swift */ = {isa = PBXFileReference; lastKnownFileType = sourcecode.swift; path = TripHeaderView.swift; sourceTree = "<group>"; };
		0A4E57632C15E65400D24D7E /* DiaryViewController.swift */ = {isa = PBXFileReference; lastKnownFileType = sourcecode.swift; path = DiaryViewController.swift; sourceTree = "<group>"; };
		0A4E57692C15EA9F00D24D7E /* DiaryTableViewCell.swift */ = {isa = PBXFileReference; lastKnownFileType = sourcecode.swift; path = DiaryTableViewCell.swift; sourceTree = "<group>"; };
		0A4E576A2C15EA9F00D24D7E /* DiaryTableViewCell.xib */ = {isa = PBXFileReference; lastKnownFileType = file.xib; path = DiaryTableViewCell.xib; sourceTree = "<group>"; };
		0A4E576E2C15F1C200D24D7E /* MyPageViewController.swift */ = {isa = PBXFileReference; lastKnownFileType = sourcecode.swift; path = MyPageViewController.swift; sourceTree = "<group>"; };
		0A5E45F82C18B70000EF8767 /* NotEnteredTripItemTableViewCell.swift */ = {isa = PBXFileReference; lastKnownFileType = sourcecode.swift; path = NotEnteredTripItemTableViewCell.swift; sourceTree = "<group>"; };
		0A5E45F92C18B70000EF8767 /* NotEnteredTripItemTableViewCell.xib */ = {isa = PBXFileReference; lastKnownFileType = file.xib; path = NotEnteredTripItemTableViewCell.xib; sourceTree = "<group>"; };
		0A5E45FC2C18BBF600EF8767 /* BottomSheetViewController.swift */ = {isa = PBXFileReference; lastKnownFileType = sourcecode.swift; path = BottomSheetViewController.swift; sourceTree = "<group>"; };
		0A5E45FE2C18BD1800EF8767 /* DimmedViewController.swift */ = {isa = PBXFileReference; lastKnownFileType = sourcecode.swift; path = DimmedViewController.swift; sourceTree = "<group>"; };
		0A88975F2C1465A80057EA0F /* SetTripTitleViewController.swift */ = {isa = PBXFileReference; lastKnownFileType = sourcecode.swift; path = SetTripTitleViewController.swift; sourceTree = "<group>"; };
		0A8897612C1465B30057EA0F /* SetTripDateViewController.swift */ = {isa = PBXFileReference; lastKnownFileType = sourcecode.swift; path = SetTripDateViewController.swift; sourceTree = "<group>"; };
		0A8897632C1465CB0057EA0F /* SetTripAreaViewController.swift */ = {isa = PBXFileReference; lastKnownFileType = sourcecode.swift; path = SetTripAreaViewController.swift; sourceTree = "<group>"; };
/* End PBXFileReference section */

/* Begin PBXFrameworksBuildPhase section */
		0A3758342C10BB9E002808A0 /* Frameworks */ = {
			isa = PBXFrameworksBuildPhase;
			buildActionMask = 2147483647;
			files = (
				0A65C72E2C14BCE500FFB48E /* Then in Frameworks */,
				0A65C7312C14BCF300FFB48E /* SnapKit in Frameworks */,
			);
			runOnlyForDeploymentPostprocessing = 0;
		};
		0A37584A2C10BB9F002808A0 /* Frameworks */ = {
			isa = PBXFrameworksBuildPhase;
			buildActionMask = 2147483647;
			files = (
			);
			runOnlyForDeploymentPostprocessing = 0;
		};
		0A3758542C10BB9F002808A0 /* Frameworks */ = {
			isa = PBXFrameworksBuildPhase;
			buildActionMask = 2147483647;
			files = (
			);
			runOnlyForDeploymentPostprocessing = 0;
		};
/* End PBXFrameworksBuildPhase section */

/* Begin PBXGroup section */
		0A08113D2C130A0500F6EEFF /* Extension */ = {
			isa = PBXGroup;
			children = (
				0A08113E2C130A4200F6EEFF /* UILabel+Extension.swift */,
			);
			path = Extension;
			sourceTree = "<group>";
		};
		0A0811402C130DDA00F6EEFF /* View */ = {
			isa = PBXGroup;
			children = (
				0A0811462C130E7A00F6EEFF /* Main */,
				0A0811452C130E7100F6EEFF /* Trip */,
				0A4E575B2C15DD7C00D24D7E /* Diary */,
				0A4E576D2C15F1A000D24D7E /* MyPage */,
			);
			path = View;
			sourceTree = "<group>";
		};
		0A0811452C130E7100F6EEFF /* Trip */ = {
			isa = PBXGroup;
			children = (
				0A37587E2C10CF30002808A0 /* Cell */,
				0A88975F2C1465A80057EA0F /* SetTripTitleViewController.swift */,
				0A8897612C1465B30057EA0F /* SetTripDateViewController.swift */,
				0A8897632C1465CB0057EA0F /* SetTripAreaViewController.swift */,
				0A4E574A2C15AE7900D24D7E /* TripNoteViewController.swift */,
				0A4E57542C15CF6A00D24D7E /* TripHeaderView.swift */,
				0A5E45FC2C18BBF600EF8767 /* BottomSheetViewController.swift */,
				0A5E45FE2C18BD1800EF8767 /* DimmedViewController.swift */,
			);
			path = Trip;
			sourceTree = "<group>";
		};
		0A0811462C130E7A00F6EEFF /* Main */ = {
			isa = PBXGroup;
			children = (
				0A4E57562C15CF9600D24D7E /* Cell */,
				0A3758782C10CD0A002808A0 /* MainViewController.swift */,
			);
			path = Main;
			sourceTree = "<group>";
		};
		0A28A5162C1753B100E62668 /* Cell */ = {
			isa = PBXGroup;
			children = (
			);
			path = Cell;
			sourceTree = "<group>";
		};
		0A37582E2C10BB9E002808A0 = {
			isa = PBXGroup;
			children = (
				0A3758392C10BB9E002808A0 /* TripNote */,
				0A3758502C10BB9F002808A0 /* TripNoteTests */,
				0A37585A2C10BB9F002808A0 /* TripNoteUITests */,
				0A3758382C10BB9E002808A0 /* Products */,
			);
			sourceTree = "<group>";
		};
		0A3758382C10BB9E002808A0 /* Products */ = {
			isa = PBXGroup;
			children = (
				0A3758372C10BB9E002808A0 /* TripNote.app */,
				0A37584D2C10BB9F002808A0 /* TripNoteTests.xctest */,
				0A3758572C10BB9F002808A0 /* TripNoteUITests.xctest */,
			);
			name = Products;
			sourceTree = "<group>";
		};
		0A3758392C10BB9E002808A0 /* TripNote */ = {
			isa = PBXGroup;
			children = (
				0A0811402C130DDA00F6EEFF /* View */,
				0A08113D2C130A0500F6EEFF /* Extension */,
				0A37583A2C10BB9E002808A0 /* AppDelegate.swift */,
				0A37583C2C10BB9E002808A0 /* SceneDelegate.swift */,
				0A3758402C10BB9E002808A0 /* Main.storyboard */,
				0A3758432C10BB9F002808A0 /* Assets.xcassets */,
				0A3758452C10BB9F002808A0 /* LaunchScreen.storyboard */,
				0A3758482C10BB9F002808A0 /* Info.plist */,
			);
			path = TripNote;
			sourceTree = "<group>";
		};
		0A3758502C10BB9F002808A0 /* TripNoteTests */ = {
			isa = PBXGroup;
			children = (
				0A3758512C10BB9F002808A0 /* TripNoteTests.swift */,
			);
			path = TripNoteTests;
			sourceTree = "<group>";
		};
		0A37585A2C10BB9F002808A0 /* TripNoteUITests */ = {
			isa = PBXGroup;
			children = (
				0A37585B2C10BB9F002808A0 /* TripNoteUITests.swift */,
				0A37585D2C10BB9F002808A0 /* TripNoteUITestsLaunchTests.swift */,
			);
			path = TripNoteUITests;
			sourceTree = "<group>";
		};
		0A37587E2C10CF30002808A0 /* Cell */ = {
			isa = PBXGroup;
			children = (
				0A4E57502C15B70200D24D7E /* TripItemTableViewCell.swift */,
				0A4E57512C15B70200D24D7E /* TripItemTableViewCell.xib */,
				0A5E45F82C18B70000EF8767 /* NotEnteredTripItemTableViewCell.swift */,
				0A5E45F92C18B70000EF8767 /* NotEnteredTripItemTableViewCell.xib */,
			);
			path = Cell;
			sourceTree = "<group>";
		};
		0A4E57562C15CF9600D24D7E /* Cell */ = {
			isa = PBXGroup;
			children = (
				0A37587F2C10CF41002808A0 /* TripCollectionViewCell.swift */,
				0A3758802C10CF41002808A0 /* TripCollectionViewCell.xib */,
			);
			path = Cell;
			sourceTree = "<group>";
		};
		0A4E575B2C15DD7C00D24D7E /* Diary */ = {
			isa = PBXGroup;
			children = (
				0A4E575E2C15DDCE00D24D7E /* Cell */,
				0A4E57632C15E65400D24D7E /* DiaryViewController.swift */,
				0A28A5172C175A6A00E62668 /* AddDiaryViewController.swift */,
			);
			path = Diary;
			sourceTree = "<group>";
		};
		0A4E575E2C15DDCE00D24D7E /* Cell */ = {
			isa = PBXGroup;
			children = (
				0A4E57692C15EA9F00D24D7E /* DiaryTableViewCell.swift */,
				0A4E576A2C15EA9F00D24D7E /* DiaryTableViewCell.xib */,
			);
			path = Cell;
			sourceTree = "<group>";
		};
		0A4E576D2C15F1A000D24D7E /* MyPage */ = {
			isa = PBXGroup;
			children = (
				0A28A5162C1753B100E62668 /* Cell */,
				0A4E576E2C15F1C200D24D7E /* MyPageViewController.swift */,
			);
			path = MyPage;
			sourceTree = "<group>";
		};
/* End PBXGroup section */

/* Begin PBXNativeTarget section */
		0A3758362C10BB9E002808A0 /* TripNote */ = {
			isa = PBXNativeTarget;
			buildConfigurationList = 0A3758612C10BB9F002808A0 /* Build configuration list for PBXNativeTarget "TripNote" */;
			buildPhases = (
				0A3758332C10BB9E002808A0 /* Sources */,
				0A3758342C10BB9E002808A0 /* Frameworks */,
				0A3758352C10BB9E002808A0 /* Resources */,
			);
			buildRules = (
			);
			dependencies = (
			);
			name = TripNote;
			packageProductDependencies = (
				0A65C72D2C14BCE500FFB48E /* Then */,
				0A65C7302C14BCF300FFB48E /* SnapKit */,
			);
			productName = TripNote;
			productReference = 0A3758372C10BB9E002808A0 /* TripNote.app */;
			productType = "com.apple.product-type.application";
		};
		0A37584C2C10BB9F002808A0 /* TripNoteTests */ = {
			isa = PBXNativeTarget;
			buildConfigurationList = 0A3758642C10BB9F002808A0 /* Build configuration list for PBXNativeTarget "TripNoteTests" */;
			buildPhases = (
				0A3758492C10BB9F002808A0 /* Sources */,
				0A37584A2C10BB9F002808A0 /* Frameworks */,
				0A37584B2C10BB9F002808A0 /* Resources */,
			);
			buildRules = (
			);
			dependencies = (
				0A37584F2C10BB9F002808A0 /* PBXTargetDependency */,
			);
			name = TripNoteTests;
			productName = TripNoteTests;
			productReference = 0A37584D2C10BB9F002808A0 /* TripNoteTests.xctest */;
			productType = "com.apple.product-type.bundle.unit-test";
		};
		0A3758562C10BB9F002808A0 /* TripNoteUITests */ = {
			isa = PBXNativeTarget;
			buildConfigurationList = 0A3758672C10BB9F002808A0 /* Build configuration list for PBXNativeTarget "TripNoteUITests" */;
			buildPhases = (
				0A3758532C10BB9F002808A0 /* Sources */,
				0A3758542C10BB9F002808A0 /* Frameworks */,
				0A3758552C10BB9F002808A0 /* Resources */,
			);
			buildRules = (
			);
			dependencies = (
				0A3758592C10BB9F002808A0 /* PBXTargetDependency */,
			);
			name = TripNoteUITests;
			productName = TripNoteUITests;
			productReference = 0A3758572C10BB9F002808A0 /* TripNoteUITests.xctest */;
			productType = "com.apple.product-type.bundle.ui-testing";
		};
/* End PBXNativeTarget section */

/* Begin PBXProject section */
		0A37582F2C10BB9E002808A0 /* Project object */ = {
			isa = PBXProject;
			attributes = {
				BuildIndependentTargetsInParallel = 1;
				LastSwiftUpdateCheck = 1530;
				LastUpgradeCheck = 1530;
				TargetAttributes = {
					0A3758362C10BB9E002808A0 = {
						CreatedOnToolsVersion = 15.3;
					};
					0A37584C2C10BB9F002808A0 = {
						CreatedOnToolsVersion = 15.3;
						TestTargetID = 0A3758362C10BB9E002808A0;
					};
					0A3758562C10BB9F002808A0 = {
						CreatedOnToolsVersion = 15.3;
						TestTargetID = 0A3758362C10BB9E002808A0;
					};
				};
			};
			buildConfigurationList = 0A3758322C10BB9E002808A0 /* Build configuration list for PBXProject "TripNote" */;
			compatibilityVersion = "Xcode 14.0";
			developmentRegion = en;
			hasScannedForEncodings = 0;
			knownRegions = (
				en,
				Base,
			);
			mainGroup = 0A37582E2C10BB9E002808A0;
			packageReferences = (
				0A65C72C2C14BCE500FFB48E /* XCRemoteSwiftPackageReference "Then" */,
				0A65C72F2C14BCF300FFB48E /* XCRemoteSwiftPackageReference "SnapKit" */,
			);
			productRefGroup = 0A3758382C10BB9E002808A0 /* Products */;
			projectDirPath = "";
			projectRoot = "";
			targets = (
				0A3758362C10BB9E002808A0 /* TripNote */,
				0A37584C2C10BB9F002808A0 /* TripNoteTests */,
				0A3758562C10BB9F002808A0 /* TripNoteUITests */,
			);
		};
/* End PBXProject section */

/* Begin PBXResourcesBuildPhase section */
		0A3758352C10BB9E002808A0 /* Resources */ = {
			isa = PBXResourcesBuildPhase;
			buildActionMask = 2147483647;
			files = (
				0A3758442C10BB9F002808A0 /* Assets.xcassets in Resources */,
				0A3758812C10CF41002808A0 /* TripCollectionViewCell.xib in Resources */,
				0A4E57532C15B70200D24D7E /* TripItemTableViewCell.xib in Resources */,
				0A3758472C10BB9F002808A0 /* Base in Resources */,
				0A3758422C10BB9E002808A0 /* Base in Resources */,
				0A4E576C2C15EA9F00D24D7E /* DiaryTableViewCell.xib in Resources */,
				0A5E45FA2C18B70000EF8767 /* NotEnteredTripItemTableViewCell.xib in Resources */,
			);
			runOnlyForDeploymentPostprocessing = 0;
		};
		0A37584B2C10BB9F002808A0 /* Resources */ = {
			isa = PBXResourcesBuildPhase;
			buildActionMask = 2147483647;
			files = (
			);
			runOnlyForDeploymentPostprocessing = 0;
		};
		0A3758552C10BB9F002808A0 /* Resources */ = {
			isa = PBXResourcesBuildPhase;
			buildActionMask = 2147483647;
			files = (
			);
			runOnlyForDeploymentPostprocessing = 0;
		};
/* End PBXResourcesBuildPhase section */

/* Begin PBXSourcesBuildPhase section */
		0A3758332C10BB9E002808A0 /* Sources */ = {
			isa = PBXSourcesBuildPhase;
			buildActionMask = 2147483647;
			files = (
				0A8897602C1465A80057EA0F /* SetTripTitleViewController.swift in Sources */,
				0A4E576B2C15EA9F00D24D7E /* DiaryTableViewCell.swift in Sources */,
				0A4E57522C15B70200D24D7E /* TripItemTableViewCell.swift in Sources */,
				0A37583B2C10BB9E002808A0 /* AppDelegate.swift in Sources */,
				0A4E57552C15CF6A00D24D7E /* TripHeaderView.swift in Sources */,
				0A3758822C10CF41002808A0 /* TripCollectionViewCell.swift in Sources */,
				0A4E574B2C15AE7900D24D7E /* TripNoteViewController.swift in Sources */,
				0A8897622C1465B30057EA0F /* SetTripDateViewController.swift in Sources */,
				0A5E45FF2C18BD1800EF8767 /* DimmedViewController.swift in Sources */,
				0A08113F2C130A4200F6EEFF /* UILabel+Extension.swift in Sources */,
				0A5E45FB2C18B70000EF8767 /* NotEnteredTripItemTableViewCell.swift in Sources */,
				0A4E576F2C15F1C200D24D7E /* MyPageViewController.swift in Sources */,
				0A4E57642C15E65400D24D7E /* DiaryViewController.swift in Sources */,
				0A5E45FD2C18BBF600EF8767 /* BottomSheetViewController.swift in Sources */,
				0A8897642C1465CB0057EA0F /* SetTripAreaViewController.swift in Sources */,
				0A37583D2C10BB9E002808A0 /* SceneDelegate.swift in Sources */,
				0A28A5182C175A6A00E62668 /* AddDiaryViewController.swift in Sources */,
				0A3758792C10CD0A002808A0 /* MainViewController.swift in Sources */,
			);
			runOnlyForDeploymentPostprocessing = 0;
		};
		0A3758492C10BB9F002808A0 /* Sources */ = {
			isa = PBXSourcesBuildPhase;
			buildActionMask = 2147483647;
			files = (
				0A3758522C10BB9F002808A0 /* TripNoteTests.swift in Sources */,
			);
			runOnlyForDeploymentPostprocessing = 0;
		};
		0A3758532C10BB9F002808A0 /* Sources */ = {
			isa = PBXSourcesBuildPhase;
			buildActionMask = 2147483647;
			files = (
				0A37585E2C10BB9F002808A0 /* TripNoteUITestsLaunchTests.swift in Sources */,
				0A37585C2C10BB9F002808A0 /* TripNoteUITests.swift in Sources */,
			);
			runOnlyForDeploymentPostprocessing = 0;
		};
/* End PBXSourcesBuildPhase section */

/* Begin PBXTargetDependency section */
		0A37584F2C10BB9F002808A0 /* PBXTargetDependency */ = {
			isa = PBXTargetDependency;
			target = 0A3758362C10BB9E002808A0 /* TripNote */;
			targetProxy = 0A37584E2C10BB9F002808A0 /* PBXContainerItemProxy */;
		};
		0A3758592C10BB9F002808A0 /* PBXTargetDependency */ = {
			isa = PBXTargetDependency;
			target = 0A3758362C10BB9E002808A0 /* TripNote */;
			targetProxy = 0A3758582C10BB9F002808A0 /* PBXContainerItemProxy */;
		};
/* End PBXTargetDependency section */

/* Begin PBXVariantGroup section */
		0A3758402C10BB9E002808A0 /* Main.storyboard */ = {
			isa = PBXVariantGroup;
			children = (
				0A3758412C10BB9E002808A0 /* Base */,
			);
			name = Main.storyboard;
			sourceTree = "<group>";
		};
		0A3758452C10BB9F002808A0 /* LaunchScreen.storyboard */ = {
			isa = PBXVariantGroup;
			children = (
				0A3758462C10BB9F002808A0 /* Base */,
			);
			name = LaunchScreen.storyboard;
			sourceTree = "<group>";
		};
/* End PBXVariantGroup section */

/* Begin XCBuildConfiguration section */
		0A37585F2C10BB9F002808A0 /* Debug */ = {
			isa = XCBuildConfiguration;
			buildSettings = {
				ALWAYS_SEARCH_USER_PATHS = NO;
				ASSETCATALOG_COMPILER_GENERATE_SWIFT_ASSET_SYMBOL_EXTENSIONS = YES;
				CLANG_ANALYZER_NONNULL = YES;
				CLANG_ANALYZER_NUMBER_OBJECT_CONVERSION = YES_AGGRESSIVE;
				CLANG_CXX_LANGUAGE_STANDARD = "gnu++20";
				CLANG_ENABLE_MODULES = YES;
				CLANG_ENABLE_OBJC_ARC = YES;
				CLANG_ENABLE_OBJC_WEAK = YES;
				CLANG_WARN_BLOCK_CAPTURE_AUTORELEASING = YES;
				CLANG_WARN_BOOL_CONVERSION = YES;
				CLANG_WARN_COMMA = YES;
				CLANG_WARN_CONSTANT_CONVERSION = YES;
				CLANG_WARN_DEPRECATED_OBJC_IMPLEMENTATIONS = YES;
				CLANG_WARN_DIRECT_OBJC_ISA_USAGE = YES_ERROR;
				CLANG_WARN_DOCUMENTATION_COMMENTS = YES;
				CLANG_WARN_EMPTY_BODY = YES;
				CLANG_WARN_ENUM_CONVERSION = YES;
				CLANG_WARN_INFINITE_RECURSION = YES;
				CLANG_WARN_INT_CONVERSION = YES;
				CLANG_WARN_NON_LITERAL_NULL_CONVERSION = YES;
				CLANG_WARN_OBJC_IMPLICIT_RETAIN_SELF = YES;
				CLANG_WARN_OBJC_LITERAL_CONVERSION = YES;
				CLANG_WARN_OBJC_ROOT_CLASS = YES_ERROR;
				CLANG_WARN_QUOTED_INCLUDE_IN_FRAMEWORK_HEADER = YES;
				CLANG_WARN_RANGE_LOOP_ANALYSIS = YES;
				CLANG_WARN_STRICT_PROTOTYPES = YES;
				CLANG_WARN_SUSPICIOUS_MOVE = YES;
				CLANG_WARN_UNGUARDED_AVAILABILITY = YES_AGGRESSIVE;
				CLANG_WARN_UNREACHABLE_CODE = YES;
				CLANG_WARN__DUPLICATE_METHOD_MATCH = YES;
				COPY_PHASE_STRIP = NO;
				DEBUG_INFORMATION_FORMAT = dwarf;
				ENABLE_STRICT_OBJC_MSGSEND = YES;
				ENABLE_TESTABILITY = YES;
				ENABLE_USER_SCRIPT_SANDBOXING = YES;
				GCC_C_LANGUAGE_STANDARD = gnu17;
				GCC_DYNAMIC_NO_PIC = NO;
				GCC_NO_COMMON_BLOCKS = YES;
				GCC_OPTIMIZATION_LEVEL = 0;
				GCC_PREPROCESSOR_DEFINITIONS = (
					"DEBUG=1",
					"$(inherited)",
				);
				GCC_WARN_64_TO_32_BIT_CONVERSION = YES;
				GCC_WARN_ABOUT_RETURN_TYPE = YES_ERROR;
				GCC_WARN_UNDECLARED_SELECTOR = YES;
				GCC_WARN_UNINITIALIZED_AUTOS = YES_AGGRESSIVE;
				GCC_WARN_UNUSED_FUNCTION = YES;
				GCC_WARN_UNUSED_VARIABLE = YES;
				IPHONEOS_DEPLOYMENT_TARGET = 17.4;
				LOCALIZATION_PREFERS_STRING_CATALOGS = YES;
				MTL_ENABLE_DEBUG_INFO = INCLUDE_SOURCE;
				MTL_FAST_MATH = YES;
				ONLY_ACTIVE_ARCH = YES;
				SDKROOT = iphoneos;
				SWIFT_ACTIVE_COMPILATION_CONDITIONS = "DEBUG $(inherited)";
				SWIFT_OPTIMIZATION_LEVEL = "-Onone";
			};
			name = Debug;
		};
		0A3758602C10BB9F002808A0 /* Release */ = {
			isa = XCBuildConfiguration;
			buildSettings = {
				ALWAYS_SEARCH_USER_PATHS = NO;
				ASSETCATALOG_COMPILER_GENERATE_SWIFT_ASSET_SYMBOL_EXTENSIONS = YES;
				CLANG_ANALYZER_NONNULL = YES;
				CLANG_ANALYZER_NUMBER_OBJECT_CONVERSION = YES_AGGRESSIVE;
				CLANG_CXX_LANGUAGE_STANDARD = "gnu++20";
				CLANG_ENABLE_MODULES = YES;
				CLANG_ENABLE_OBJC_ARC = YES;
				CLANG_ENABLE_OBJC_WEAK = YES;
				CLANG_WARN_BLOCK_CAPTURE_AUTORELEASING = YES;
				CLANG_WARN_BOOL_CONVERSION = YES;
				CLANG_WARN_COMMA = YES;
				CLANG_WARN_CONSTANT_CONVERSION = YES;
				CLANG_WARN_DEPRECATED_OBJC_IMPLEMENTATIONS = YES;
				CLANG_WARN_DIRECT_OBJC_ISA_USAGE = YES_ERROR;
				CLANG_WARN_DOCUMENTATION_COMMENTS = YES;
				CLANG_WARN_EMPTY_BODY = YES;
				CLANG_WARN_ENUM_CONVERSION = YES;
				CLANG_WARN_INFINITE_RECURSION = YES;
				CLANG_WARN_INT_CONVERSION = YES;
				CLANG_WARN_NON_LITERAL_NULL_CONVERSION = YES;
				CLANG_WARN_OBJC_IMPLICIT_RETAIN_SELF = YES;
				CLANG_WARN_OBJC_LITERAL_CONVERSION = YES;
				CLANG_WARN_OBJC_ROOT_CLASS = YES_ERROR;
				CLANG_WARN_QUOTED_INCLUDE_IN_FRAMEWORK_HEADER = YES;
				CLANG_WARN_RANGE_LOOP_ANALYSIS = YES;
				CLANG_WARN_STRICT_PROTOTYPES = YES;
				CLANG_WARN_SUSPICIOUS_MOVE = YES;
				CLANG_WARN_UNGUARDED_AVAILABILITY = YES_AGGRESSIVE;
				CLANG_WARN_UNREACHABLE_CODE = YES;
				CLANG_WARN__DUPLICATE_METHOD_MATCH = YES;
				COPY_PHASE_STRIP = NO;
				DEBUG_INFORMATION_FORMAT = "dwarf-with-dsym";
				ENABLE_NS_ASSERTIONS = NO;
				ENABLE_STRICT_OBJC_MSGSEND = YES;
				ENABLE_USER_SCRIPT_SANDBOXING = YES;
				GCC_C_LANGUAGE_STANDARD = gnu17;
				GCC_NO_COMMON_BLOCKS = YES;
				GCC_WARN_64_TO_32_BIT_CONVERSION = YES;
				GCC_WARN_ABOUT_RETURN_TYPE = YES_ERROR;
				GCC_WARN_UNDECLARED_SELECTOR = YES;
				GCC_WARN_UNINITIALIZED_AUTOS = YES_AGGRESSIVE;
				GCC_WARN_UNUSED_FUNCTION = YES;
				GCC_WARN_UNUSED_VARIABLE = YES;
				IPHONEOS_DEPLOYMENT_TARGET = 17.4;
				LOCALIZATION_PREFERS_STRING_CATALOGS = YES;
				MTL_ENABLE_DEBUG_INFO = NO;
				MTL_FAST_MATH = YES;
				SDKROOT = iphoneos;
				SWIFT_COMPILATION_MODE = wholemodule;
				VALIDATE_PRODUCT = YES;
			};
			name = Release;
		};
		0A3758622C10BB9F002808A0 /* Debug */ = {
			isa = XCBuildConfiguration;
			buildSettings = {
				ASSETCATALOG_COMPILER_APPICON_NAME = AppIcon;
				ASSETCATALOG_COMPILER_GLOBAL_ACCENT_COLOR_NAME = AccentColor;
				CODE_SIGN_STYLE = Automatic;
				CURRENT_PROJECT_VERSION = 1;
				DEVELOPMENT_TEAM = 7LVZCMHQG6;
				GENERATE_INFOPLIST_FILE = YES;
				INFOPLIST_FILE = TripNote/Info.plist;
				INFOPLIST_KEY_UIApplicationSupportsIndirectInputEvents = YES;
				INFOPLIST_KEY_UILaunchStoryboardName = LaunchScreen;
				INFOPLIST_KEY_UIMainStoryboardFile = Main;
				INFOPLIST_KEY_UISupportedInterfaceOrientations_iPad = "UIInterfaceOrientationPortrait UIInterfaceOrientationPortraitUpsideDown UIInterfaceOrientationLandscapeLeft UIInterfaceOrientationLandscapeRight";
				INFOPLIST_KEY_UISupportedInterfaceOrientations_iPhone = "UIInterfaceOrientationPortrait UIInterfaceOrientationLandscapeLeft UIInterfaceOrientationLandscapeRight";
				LD_RUNPATH_SEARCH_PATHS = (
					"$(inherited)",
					"@executable_path/Frameworks",
				);
				MARKETING_VERSION = 1.0;
				PRODUCT_BUNDLE_IDENTIFIER = sjlim.hansung.ac.kr.TripNote;
				PRODUCT_NAME = "$(TARGET_NAME)";
				SWIFT_EMIT_LOC_STRINGS = YES;
				SWIFT_VERSION = 5.0;
				TARGETED_DEVICE_FAMILY = "1,2";
			};
			name = Debug;
		};
		0A3758632C10BB9F002808A0 /* Release */ = {
			isa = XCBuildConfiguration;
			buildSettings = {
				ASSETCATALOG_COMPILER_APPICON_NAME = AppIcon;
				ASSETCATALOG_COMPILER_GLOBAL_ACCENT_COLOR_NAME = AccentColor;
				CODE_SIGN_STYLE = Automatic;
				CURRENT_PROJECT_VERSION = 1;
				DEVELOPMENT_TEAM = 7LVZCMHQG6;
				GENERATE_INFOPLIST_FILE = YES;
				INFOPLIST_FILE = TripNote/Info.plist;
				INFOPLIST_KEY_UIApplicationSupportsIndirectInputEvents = YES;
				INFOPLIST_KEY_UILaunchStoryboardName = LaunchScreen;
				INFOPLIST_KEY_UIMainStoryboardFile = Main;
				INFOPLIST_KEY_UISupportedInterfaceOrientations_iPad = "UIInterfaceOrientationPortrait UIInterfaceOrientationPortraitUpsideDown UIInterfaceOrientationLandscapeLeft UIInterfaceOrientationLandscapeRight";
				INFOPLIST_KEY_UISupportedInterfaceOrientations_iPhone = "UIInterfaceOrientationPortrait UIInterfaceOrientationLandscapeLeft UIInterfaceOrientationLandscapeRight";
				LD_RUNPATH_SEARCH_PATHS = (
					"$(inherited)",
					"@executable_path/Frameworks",
				);
				MARKETING_VERSION = 1.0;
				PRODUCT_BUNDLE_IDENTIFIER = sjlim.hansung.ac.kr.TripNote;
				PRODUCT_NAME = "$(TARGET_NAME)";
				SWIFT_EMIT_LOC_STRINGS = YES;
				SWIFT_VERSION = 5.0;
				TARGETED_DEVICE_FAMILY = "1,2";
			};
			name = Release;
		};
		0A3758652C10BB9F002808A0 /* Debug */ = {
			isa = XCBuildConfiguration;
			buildSettings = {
				ALWAYS_EMBED_SWIFT_STANDARD_LIBRARIES = YES;
				BUNDLE_LOADER = "$(TEST_HOST)";
				CODE_SIGN_STYLE = Automatic;
				CURRENT_PROJECT_VERSION = 1;
				DEVELOPMENT_TEAM = 7LVZCMHQG6;
				GENERATE_INFOPLIST_FILE = YES;
				IPHONEOS_DEPLOYMENT_TARGET = 17.4;
				MARKETING_VERSION = 1.0;
				PRODUCT_BUNDLE_IDENTIFIER = sjlim.hansung.ac.kr.TripNoteTests;
				PRODUCT_NAME = "$(TARGET_NAME)";
				SWIFT_EMIT_LOC_STRINGS = NO;
				SWIFT_VERSION = 5.0;
				TARGETED_DEVICE_FAMILY = "1,2";
				TEST_HOST = "$(BUILT_PRODUCTS_DIR)/TripNote.app/$(BUNDLE_EXECUTABLE_FOLDER_PATH)/TripNote";
			};
			name = Debug;
		};
		0A3758662C10BB9F002808A0 /* Release */ = {
			isa = XCBuildConfiguration;
			buildSettings = {
				ALWAYS_EMBED_SWIFT_STANDARD_LIBRARIES = YES;
				BUNDLE_LOADER = "$(TEST_HOST)";
				CODE_SIGN_STYLE = Automatic;
				CURRENT_PROJECT_VERSION = 1;
				DEVELOPMENT_TEAM = 7LVZCMHQG6;
				GENERATE_INFOPLIST_FILE = YES;
				IPHONEOS_DEPLOYMENT_TARGET = 17.4;
				MARKETING_VERSION = 1.0;
				PRODUCT_BUNDLE_IDENTIFIER = sjlim.hansung.ac.kr.TripNoteTests;
				PRODUCT_NAME = "$(TARGET_NAME)";
				SWIFT_EMIT_LOC_STRINGS = NO;
				SWIFT_VERSION = 5.0;
				TARGETED_DEVICE_FAMILY = "1,2";
				TEST_HOST = "$(BUILT_PRODUCTS_DIR)/TripNote.app/$(BUNDLE_EXECUTABLE_FOLDER_PATH)/TripNote";
			};
			name = Release;
		};
		0A3758682C10BB9F002808A0 /* Debug */ = {
			isa = XCBuildConfiguration;
			buildSettings = {
				ALWAYS_EMBED_SWIFT_STANDARD_LIBRARIES = YES;
				CODE_SIGN_STYLE = Automatic;
				CURRENT_PROJECT_VERSION = 1;
				DEVELOPMENT_TEAM = 7LVZCMHQG6;
				GENERATE_INFOPLIST_FILE = YES;
				MARKETING_VERSION = 1.0;
				PRODUCT_BUNDLE_IDENTIFIER = sjlim.hansung.ac.kr.TripNoteUITests;
				PRODUCT_NAME = "$(TARGET_NAME)";
				SWIFT_EMIT_LOC_STRINGS = NO;
				SWIFT_VERSION = 5.0;
				TARGETED_DEVICE_FAMILY = "1,2";
				TEST_TARGET_NAME = TripNote;
			};
			name = Debug;
		};
		0A3758692C10BB9F002808A0 /* Release */ = {
			isa = XCBuildConfiguration;
			buildSettings = {
				ALWAYS_EMBED_SWIFT_STANDARD_LIBRARIES = YES;
				CODE_SIGN_STYLE = Automatic;
				CURRENT_PROJECT_VERSION = 1;
				DEVELOPMENT_TEAM = 7LVZCMHQG6;
				GENERATE_INFOPLIST_FILE = YES;
				MARKETING_VERSION = 1.0;
				PRODUCT_BUNDLE_IDENTIFIER = sjlim.hansung.ac.kr.TripNoteUITests;
				PRODUCT_NAME = "$(TARGET_NAME)";
				SWIFT_EMIT_LOC_STRINGS = NO;
				SWIFT_VERSION = 5.0;
				TARGETED_DEVICE_FAMILY = "1,2";
				TEST_TARGET_NAME = TripNote;
			};
			name = Release;
		};
/* End XCBuildConfiguration section */

/* Begin XCConfigurationList section */
		0A3758322C10BB9E002808A0 /* Build configuration list for PBXProject "TripNote" */ = {
			isa = XCConfigurationList;
			buildConfigurations = (
				0A37585F2C10BB9F002808A0 /* Debug */,
				0A3758602C10BB9F002808A0 /* Release */,
			);
			defaultConfigurationIsVisible = 0;
			defaultConfigurationName = Release;
		};
		0A3758612C10BB9F002808A0 /* Build configuration list for PBXNativeTarget "TripNote" */ = {
			isa = XCConfigurationList;
			buildConfigurations = (
				0A3758622C10BB9F002808A0 /* Debug */,
				0A3758632C10BB9F002808A0 /* Release */,
			);
			defaultConfigurationIsVisible = 0;
			defaultConfigurationName = Release;
		};
		0A3758642C10BB9F002808A0 /* Build configuration list for PBXNativeTarget "TripNoteTests" */ = {
			isa = XCConfigurationList;
			buildConfigurations = (
				0A3758652C10BB9F002808A0 /* Debug */,
				0A3758662C10BB9F002808A0 /* Release */,
			);
			defaultConfigurationIsVisible = 0;
			defaultConfigurationName = Release;
		};
		0A3758672C10BB9F002808A0 /* Build configuration list for PBXNativeTarget "TripNoteUITests" */ = {
			isa = XCConfigurationList;
			buildConfigurations = (
				0A3758682C10BB9F002808A0 /* Debug */,
				0A3758692C10BB9F002808A0 /* Release */,
			);
			defaultConfigurationIsVisible = 0;
			defaultConfigurationName = Release;
		};
/* End XCConfigurationList section */

/* Begin XCRemoteSwiftPackageReference section */
		0A65C72C2C14BCE500FFB48E /* XCRemoteSwiftPackageReference "Then" */ = {
			isa = XCRemoteSwiftPackageReference;
			repositoryURL = "https://github.com/devxoul/Then";
			requirement = {
				kind = upToNextMajorVersion;
				minimumVersion = 3.0.0;
			};
		};
		0A65C72F2C14BCF300FFB48E /* XCRemoteSwiftPackageReference "SnapKit" */ = {
			isa = XCRemoteSwiftPackageReference;
			repositoryURL = "https://github.com/SnapKit/SnapKit";
			requirement = {
				kind = upToNextMajorVersion;
				minimumVersion = 5.7.1;
			};
		};
/* End XCRemoteSwiftPackageReference section */

/* Begin XCSwiftPackageProductDependency section */
		0A65C72D2C14BCE500FFB48E /* Then */ = {
			isa = XCSwiftPackageProductDependency;
			package = 0A65C72C2C14BCE500FFB48E /* XCRemoteSwiftPackageReference "Then" */;
			productName = Then;
		};
		0A65C7302C14BCF300FFB48E /* SnapKit */ = {
			isa = XCSwiftPackageProductDependency;
			package = 0A65C72F2C14BCF300FFB48E /* XCRemoteSwiftPackageReference "SnapKit" */;
			productName = SnapKit;
		};
/* End XCSwiftPackageProductDependency section */
	};
	rootObject = 0A37582F2C10BB9E002808A0 /* Project object */;
}
